// !$*UTF8*$!
{
	archiveVersion = 1;
	classes = {
	};
	objectVersion = 46;
	objects = {

/* Begin PBXBuildFile section */
		0E74294B1F702EAA000C665C /* AppDelegate.swift in Sources */ = {isa = PBXBuildFile; fileRef = 0E74294A1F702EAA000C665C /* AppDelegate.swift */; };
		0E74294D1F702EAA000C665C /* ViewController.swift in Sources */ = {isa = PBXBuildFile; fileRef = 0E74294C1F702EAA000C665C /* ViewController.swift */; };
		0E7429501F702EAA000C665C /* Main.storyboard in Resources */ = {isa = PBXBuildFile; fileRef = 0E74294E1F702EAA000C665C /* Main.storyboard */; };
		0E7429521F702EAA000C665C /* Assets.xcassets in Resources */ = {isa = PBXBuildFile; fileRef = 0E7429511F702EAA000C665C /* Assets.xcassets */; };
		0E7429551F702EAA000C665C /* LaunchScreen.storyboard in Resources */ = {isa = PBXBuildFile; fileRef = 0E7429531F702EAA000C665C /* LaunchScreen.storyboard */; };
/* End PBXBuildFile section */

/* Begin PBXFileReference section */
		0E7429471F702EAA000C665C /* Testv1.app */ = {isa = PBXFileReference; explicitFileType = wrapper.application; includeInIndex = 0; path = Testv1.app; sourceTree = BUILT_PRODUCTS_DIR; };
		0E74294A1F702EAA000C665C /* AppDelegate.swift */ = {isa = PBXFileReference; lastKnownFileType = sourcecode.swift; path = AppDelegate.swift; sourceTree = "<group>"; };
		0E74294C1F702EAA000C665C /* ViewController.swift */ = {isa = PBXFileReference; lastKnownFileType = sourcecode.swift; path = ViewController.swift; sourceTree = "<group>"; };
		0E74294F1F702EAA000C665C /* Base */ = {isa = PBXFileReference; lastKnownFileType = file.storyboard; name = Base; path = Base.lproj/Main.storyboard; sourceTree = "<group>"; };
		0E7429511F702EAA000C665C /* Assets.xcassets */ = {isa = PBXFileReference; lastKnownFileType = folder.assetcatalog; path = Assets.xcassets; sourceTree = "<group>"; };
		0E7429541F702EAA000C665C /* Base */ = {isa = PBXFileReference; lastKnownFileType = file.storyboard; name = Base; path = Base.lproj/LaunchScreen.storyboard; sourceTree = "<group>"; };
		0E7429561F702EAA000C665C /* Info.plist */ = {isa = PBXFileReference; lastKnownFileType = text.plist.xml; path = Info.plist; sourceTree = "<group>"; };
/* End PBXFileReference section */

/* Begin PBXFrameworksBuildPhase section */
		0E7429441F702EAA000C665C /* Frameworks */ = {
			isa = PBXFrameworksBuildPhase;
			buildActionMask = 2147483647;
			files = (
			);
			runOnlyForDeploymentPostprocessing = 0;
		};
/* End PBXFrameworksBuildPhase section */

/* Begin PBXGroup section */
		0E74293E1F702EAA000C665C = {
			isa = PBXGroup;
			children = (
				0E7429491F702EAA000C665C /* Testv1 */,
				0E7429481F702EAA000C665C /* Products */,
			);
			sourceTree = "<group>";
		};
		0E7429481F702EAA000C665C /* Products */ = {
			isa = PBXGroup;
			children = (
				0E7429471F702EAA000C665C /* Testv1.app */,
			);
			name = Products;
			sourceTree = "<group>";
		};
		0E7429491F702EAA000C665C /* Testv1 */ = {
			isa = PBXGroup;
			children = (
				0E74294A1F702EAA000C665C /* AppDelegate.swift */,
				0E74294C1F702EAA000C665C /* ViewController.swift */,
				0E74294E1F702EAA000C665C /* Main.storyboard */,
				0E7429511F702EAA000C665C /* Assets.xcassets */,
				0E7429531F702EAA000C665C /* LaunchScreen.storyboard */,
				0E7429561F702EAA000C665C /* Info.plist */,
			);
			path = Testv1;
			sourceTree = "<group>";
		};
/* End PBXGroup section */

/* Begin PBXNativeTarget section */
		0E7429461F702EAA000C665C /* Testv1 */ = {
			isa = PBXNativeTarget;
			buildConfigurationList = 0E7429591F702EAA000C665C /* Build configuration list for PBXNativeTarget "Testv1" */;
			buildPhases = (
				0E7429431F702EAA000C665C /* Sources */,
				0E7429441F702EAA000C665C /* Frameworks */,
				0E7429451F702EAA000C665C /* Resources */,
			);
			buildRules = (
			);
			dependencies = (
			);
			name = Testv1;
			productName = Testv1;
			productReference = 0E7429471F702EAA000C665C /* Testv1.app */;
			productType = "com.apple.product-type.application";
		};
/* End PBXNativeTarget section */

/* Begin PBXProject section */
		0E74293F1F702EAA000C665C /* Project object */ = {
			isa = PBXProject;
			attributes = {
				LastSwiftUpdateCheck = 0820;
				LastUpgradeCheck = 0820;
				ORGANIZATIONNAME = LearnAppMaking;
				TargetAttributes = {
					0E7429461F702EAA000C665C = {
						CreatedOnToolsVersion = 8.2.1;
						DevelopmentTeam = 3J2QWJYTSL;
						ProvisioningStyle = Automatic;
					};
				};
			};
			buildConfigurationList = 0E7429421F702EAA000C665C /* Build configuration list for PBXProject "Testv1" */;
			compatibilityVersion = "Xcode 3.2";
			developmentRegion = English;
			hasScannedForEncodings = 0;
			knownRegions = (
				en,
				Base,
			);
			mainGroup = 0E74293E1F702EAA000C665C;
			productRefGroup = 0E7429481F702EAA000C665C /* Products */;
			projectDirPath = "";
			projectRoot = "";
			targets = (
				0E7429461F702EAA000C665C /* Testv1 */,
			);
		};
/* End PBXProject section */

/* Begin PBXResourcesBuildPhase section */
		0E7429451F702EAA000C665C /* Resources */ = {
			isa = PBXResourcesBuildPhase;
			buildActionMask = 2147483647;
			files = (
				0E7429551F702EAA000C665C /* LaunchScreen.storyboard in Resources */,
				0E7429521F702EAA000C665C /* Assets.xcassets in Resources */,
				0E7429501F702EAA000C665C /* Main.storyboard in Resources */,
			);
			runOnlyForDeploymentPostprocessing = 0;
		};
/* End PBXResourcesBuildPhase section */

/* Begin PBXSourcesBuildPhase section */
		0E7429431F702EAA000C665C /* Sources */ = {
			isa = PBXSourcesBuildPhase;
			buildActionMask = 2147483647;
			files = (
				0E74294D1F702EAA000C665C /* ViewController.swift in Sources */,
				0E74294B1F702EAA000C665C /* AppDelegate.swift in Sources */,
			);
			runOnlyForDeploymentPostprocessing = 0;
		};
/* End PBXSourcesBuildPhase section */

/* Begin PBXVariantGroup section */
		0E74294E1F702EAA000C665C /* Main.storyboard */ = {
			isa = PBXVariantGroup;
			children = (
				0E74294F1F702EAA000C665C /* Base */,
			);
			name = Main.storyboard;
			sourceTree = "<group>";
		};
		0E7429531F702EAA000C665C /* LaunchScreen.storyboard */ = {
			isa = PBXVariantGroup;
			children = (
				0E7429541F702EAA000C665C /* Base */,
			);
			name = LaunchScreen.storyboard;
			sourceTree = "<group>";
		};
/* End PBXVariantGroup section */

/* Begin XCBuildConfiguration section */
		0E7429571F702EAA000C665C /* Debug */ = {
			isa = XCBuildConfiguration;
			buildSettings = {
				ALWAYS_SEARCH_USER_PATHS = NO;
				CLANG_ANALYZER_NONNULL = YES;
				CLANG_CXX_LANGUAGE_STANDARD = "gnu++0x";
				CLANG_CXX_LIBRARY = "libc++";
				CLANG_ENABLE_MODULES = YES;
				CLANG_ENABLE_OBJC_ARC = YES;
				CLANG_WARN_BOOL_CONVERSION = YES;
				CLANG_WARN_CONSTANT_CONVERSION = YES;
				CLANG_WARN_DIRECT_OBJC_ISA_USAGE = YES_ERROR;
				CLANG_WARN_DOCUMENTATION_COMMENTS = YES;
				CLANG_WARN_EMPTY_BODY = YES;
				CLANG_WARN_ENUM_CONVERSION = YES;
				CLANG_WARN_INFINITE_RECURSION = YES;
				CLANG_WARN_INT_CONVERSION = YES;
				CLANG_WARN_OBJC_ROOT_CLASS = YES_ERROR;
				CLANG_WARN_SUSPICIOUS_MOVE = YES;
				CLANG_WARN_UNREACHABLE_CODE = YES;
				CLANG_WARN__DUPLICATE_METHOD_MATCH = YES;
				"CODE_SIGN_IDENTITY[sdk=iphoneos*]" = "iPhone Developer";
				COPY_PHASE_STRIP = NO;
				DEBUG_INFORMATION_FORMAT = dwarf;
				ENABLE_STRICT_OBJC_MSGSEND = YES;
				ENABLE_TESTABILITY = YES;
				GCC_C_LANGUAGE_STANDARD = gnu99;
				GCC_DYNAMIC_NO_PIC = NO;
				GCC_NO_COMMON_BLOCKS = YES;
				GCC_OPTIMIZATION_LEVEL = 0;
				GCC_PREPROCESSOR_DEFINITIONS = (
					"DEBUG=1",
					"$(inherited)",
				);
				GCC_WARN_64_TO_32_BIT_CONVERSION = YES;
				GCC_WARN_ABOUT_RETURN_TYPE = YES_ERROR;
				GCC_WARN_UNDECLARED_SELECTOR = YES;
				GCC_WARN_UNINITIALIZED_AUTOS = YES_AGGRESSIVE;
				GCC_WARN_UNUSED_FUNCTION = YES;
				GCC_WARN_UNUSED_VARIABLE = YES;
				IPHONEOS_DEPLOYMENT_TARGET = 10.2;
				MTL_ENABLE_DEBUG_INFO = YES;
				ONLY_ACTIVE_ARCH = YES;
				SDKROOT = iphoneos;
				SWIFT_ACTIVE_COMPILATION_CONDITIONS = DEBUG;
				SWIFT_OPTIMIZATION_LEVEL = "-Onone";
			};
			name = Debug;
		};
		0E7429581F702EAA000C665C /* Release */ = {
			isa = XCBuildConfiguration;
			buildSettings = {
				ALWAYS_SEARCH_USER_PATHS = NO;
				CLANG_ANALYZER_NONNULL = YES;
				CLANG_CXX_LANGUAGE_STANDARD = "gnu++0x";
				CLANG_CXX_LIBRARY = "libc++";
				CLANG_ENABLE_MODULES = YES;
				CLANG_ENABLE_OBJC_ARC = YES;
				CLANG_WARN_BOOL_CONVERSION = YES;
				CLANG_WARN_CONSTANT_CONVERSION = YES;
				CLANG_WARN_DIRECT_OBJC_ISA_USAGE = YES_ERROR;
				CLANG_WARN_DOCUMENTATION_COMMENTS = YES;
				CLANG_WARN_EMPTY_BODY = YES;
				CLANG_WARN_ENUM_CONVERSION = YES;
				CLANG_WARN_INFINITE_RECURSION = YES;
				CLANG_WARN_INT_CONVERSION = YES;
				CLANG_WARN_OBJC_ROOT_CLASS = YES_ERROR;
				CLANG_WARN_SUSPICIOUS_MOVE = YES;
				CLANG_WARN_UNREACHABLE_CODE = YES;
				CLANG_WARN__DUPLICATE_METHOD_MATCH = YES;
				"CODE_SIGN_IDENTITY[sdk=iphoneos*]" = "iPhone Developer";
				COPY_PHASE_STRIP = NO;
				DEBUG_INFORMATION_FORMAT = "dwarf-with-dsym";
				ENABLE_NS_ASSERTIONS = NO;
				ENABLE_STRICT_OBJC_MSGSEND = YES;
				GCC_C_LANGUAGE_STANDARD = gnu99;
				GCC_NO_COMMON_BLOCKS = YES;
				GCC_WARN_64_TO_32_BIT_CONVERSION = YES;
				GCC_WARN_ABOUT_RETURN_TYPE = YES_ERROR;
				GCC_WARN_UNDECLARED_SELECTOR = YES;
				GCC_WARN_UNINITIALIZED_AUTOS = YES_AGGRESSIVE;
				GCC_WARN_UNUSED_FUNCTION = YES;
				GCC_WARN_UNUSED_VARIABLE = YES;
				IPHONEOS_DEPLOYMENT_TARGET = 10.2;
				MTL_ENABLE_DEBUG_INFO = NO;
				SDKROOT = iphoneos;
				SWIFT_OPTIMIZATION_LEVEL = "-Owholemodule";
				VALIDATE_PRODUCT = YES;
			};
			name = Release;
		};
		0E74295A1F702EAA000C665C /* Debug */ = {
			isa = XCBuildConfiguration;
			buildSettings = {
				ASSETCATALOG_COMPILER_APPICON_NAME = AppIcon;
				DEVELOPMENT_TEAM = 3J2QWJYTSL;
				INFOPLIST_FILE = Testv1/Info.plist;
				LD_RUNPATH_SEARCH_PATHS = "$(inherited) @executable_path/Frameworks";
				PRODUCT_BUNDLE_IDENTIFIER = vn.com.Testv1;
				PRODUCT_NAME = "$(TARGET_NAME)";
				SWIFT_VERSION = 3.0;
			};
			name = Debug;
		};
		0E74295B1F702EAA000C665C /* Release */ = {
			isa = XCBuildConfiguration;
			buildSettings = {
				ASSETCATALOG_COMPILER_APPICON_NAME = AppIcon;
				DEVELOPMENT_TEAM = 3J2QWJYTSL;
				INFOPLIST_FILE = Testv1/Info.plist;
				LD_RUNPATH_SEARCH_PATHS = "$(inherited) @executable_path/Frameworks";
				PRODUCT_BUNDLE_IDENTIFIER = vn.com.Testv1;
				PRODUCT_NAME = "$(TARGET_NAME)";
				SWIFT_VERSION = 3.0;
			};
			name = Release;
		};
/* End XCBuildConfiguration section */

/* Begin XCConfigurationList section */
		0E7429421F702EAA000C665C /* Build configuration list for PBXProject "Testv1" */ = {
			isa = XCConfigurationList;
			buildConfigurations = (
				0E7429571F702EAA000C665C /* Debug */,
				0E7429581F702EAA000C665C /* Release */,
			);
			defaultConfigurationIsVisible = 0;
			defaultConfigurationName = Release;
		};
		0E7429591F702EAA000C665C /* Build configuration list for PBXNativeTarget "Testv1" */ = {
			isa = XCConfigurationList;
			buildConfigurations = (
				0E74295A1F702EAA000C665C /* Debug */,
				0E74295B1F702EAA000C665C /* Release */,
			);
			defaultConfigurationIsVisible = 0;
		};
/* End XCConfigurationList section */
	};
	rootObject = 0E74293F1F702EAA000C665C /* Project object */;
}
